
Microsoft Visual Studio Solution File, Format Version 12.00
# Visual Studio 14
VisualStudioVersion = 14.0.25420.1
MinimumVisualStudioVersion = 10.0.40219.1
Project("{FAE04EC0-301F-11D3-BF4B-00C04F79EFBC}") = "Graphic2D.Kernel", "Graphic2D.Kernel.csproj", "{E39F0DBB-A7CC-464A-A7F0-939A2C7266CB}"
EndProject
Project("{FAE04EC0-301F-11D3-BF4B-00C04F79EFBC}") = "dev", "..\dev\dev.csproj", "{9393B00D-1254-4E21-AFE1-B8CCE91C198C}"
EndProject
Global
	GlobalSection(SolutionConfigurationPlatforms) = preSolution
		Debug|Any CPU = Debug|Any CPU
		Release|Any CPU = Release|Any CPU
	EndGlobalSection
	GlobalSection(ProjectConfigurationPlatforms) = postSolution
		{E39F0DBB-A7CC-464A-A7F0-939A2C7266CB}.Debug|Any CPU.ActiveCfg = Debug|Any CPU
		{E39F0DBB-A7CC-464A-A7F0-939A2C7266CB}.Debug|Any CPU.Build.0 = Debug|Any CPU
		{E39F0DBB-A7CC-464A-A7F0-939A2C7266CB}.Release|Any CPU.ActiveCfg = Release|Any CPU
		{E39F0DBB-A7CC-464A-A7F0-939A2C7266CB}.Release|Any CPU.Build.0 = Release|Any CPU
		{9393B00D-1254-4E21-AFE1-B8CCE91C198C}.Debug|Any CPU.ActiveCfg = Debug|Any CPU
		{9393B00D-1254-4E21-AFE1-B8CCE91C198C}.Debug|Any CPU.Build.0 = Debug|Any CPU
		{9393B00D-1254-4E21-AFE1-B8CCE91C198C}.Release|Any CPU.ActiveCfg = Release|Any CPU
		{9393B00D-1254-4E21-AFE1-B8CCE91C198C}.Release|Any CPU.Build.0 = Release|Any CPU
	EndGlobalSection
	GlobalSection(SolutionProperties) = preSolution
		HideSolutionNode = FALSE
	EndGlobalSection
EndGlobal
