
Microsoft Visual Studio Solution File, Format Version 12.00
# Visual Studio 15
VisualStudioVersion = 15.0.26228.10
MinimumVisualStudioVersion = 10.0.40219.1
Project("{FAE04EC0-301F-11D3-BF4B-00C04F79EFBC}") = "DingWK.Graphic2D.Wpf", "DingWK.Graphic2D.Wpf\DingWK.Graphic2D.Wpf.csproj", "{A1F21D7F-64BF-4897-B2C2-09948C9C5C71}"
EndProject
Project("{FAE04EC0-301F-11D3-BF4B-00C04F79EFBC}") = "dev", "dev\dev.csproj", "{3BEA439D-6912-4C74-AA66-2531E5A30DE3}"
EndProject
Project("{FAE04EC0-301F-11D3-BF4B-00C04F79EFBC}") = "test", "test\test.csproj", "{A59A83F8-A74A-41F3-8C87-401BB7DF49DA}"
EndProject
Project("{FAE04EC0-301F-11D3-BF4B-00C04F79EFBC}") = "DrawingDemo", "DrawingDemo\DrawingDemo.csproj", "{2F151F4B-37ED-4F05-9AF0-EADDECE764BC}"
EndProject
Project("{FAE04EC0-301F-11D3-BF4B-00C04F79EFBC}") = "WpfApp1", "WpfApp1\WpfApp1.csproj", "{04FFAD08-8FFF-4DED-A402-DFF490DF5A49}"
EndProject
Project("{FAE04EC0-301F-11D3-BF4B-00C04F79EFBC}") = "WpfApp2", "WpfApp2\WpfApp2.csproj", "{AD40101B-14CC-488E-939B-7E83E2437B26}"
EndProject
Global
	GlobalSection(SolutionConfigurationPlatforms) = preSolution
		Debug|Any CPU = Debug|Any CPU
		Release|Any CPU = Release|Any CPU
	EndGlobalSection
	GlobalSection(ProjectConfigurationPlatforms) = postSolution
		{A1F21D7F-64BF-4897-B2C2-09948C9C5C71}.Debug|Any CPU.ActiveCfg = Debug|Any CPU
		{A1F21D7F-64BF-4897-B2C2-09948C9C5C71}.Debug|Any CPU.Build.0 = Debug|Any CPU
		{A1F21D7F-64BF-4897-B2C2-09948C9C5C71}.Release|Any CPU.ActiveCfg = Release|Any CPU
		{A1F21D7F-64BF-4897-B2C2-09948C9C5C71}.Release|Any CPU.Build.0 = Release|Any CPU
		{3BEA439D-6912-4C74-AA66-2531E5A30DE3}.Debug|Any CPU.ActiveCfg = Debug|Any CPU
		{3BEA439D-6912-4C74-AA66-2531E5A30DE3}.Debug|Any CPU.Build.0 = Debug|Any CPU
		{3BEA439D-6912-4C74-AA66-2531E5A30DE3}.Release|Any CPU.ActiveCfg = Release|Any CPU
		{3BEA439D-6912-4C74-AA66-2531E5A30DE3}.Release|Any CPU.Build.0 = Release|Any CPU
		{A59A83F8-A74A-41F3-8C87-401BB7DF49DA}.Debug|Any CPU.ActiveCfg = Debug|Any CPU
		{A59A83F8-A74A-41F3-8C87-401BB7DF49DA}.Debug|Any CPU.Build.0 = Debug|Any CPU
		{A59A83F8-A74A-41F3-8C87-401BB7DF49DA}.Release|Any CPU.ActiveCfg = Release|Any CPU
		{A59A83F8-A74A-41F3-8C87-401BB7DF49DA}.Release|Any CPU.Build.0 = Release|Any CPU
		{2F151F4B-37ED-4F05-9AF0-EADDECE764BC}.Debug|Any CPU.ActiveCfg = Debug|Any CPU
		{2F151F4B-37ED-4F05-9AF0-EADDECE764BC}.Debug|Any CPU.Build.0 = Debug|Any CPU
		{2F151F4B-37ED-4F05-9AF0-EADDECE764BC}.Release|Any CPU.ActiveCfg = Release|Any CPU
		{2F151F4B-37ED-4F05-9AF0-EADDECE764BC}.Release|Any CPU.Build.0 = Release|Any CPU
		{04FFAD08-8FFF-4DED-A402-DFF490DF5A49}.Debug|Any CPU.ActiveCfg = Debug|Any CPU
		{04FFAD08-8FFF-4DED-A402-DFF490DF5A49}.Debug|Any CPU.Build.0 = Debug|Any CPU
		{04FFAD08-8FFF-4DED-A402-DFF490DF5A49}.Release|Any CPU.ActiveCfg = Release|Any CPU
		{04FFAD08-8FFF-4DED-A402-DFF490DF5A49}.Release|Any CPU.Build.0 = Release|Any CPU
		{AD40101B-14CC-488E-939B-7E83E2437B26}.Debug|Any CPU.ActiveCfg = Debug|Any CPU
		{AD40101B-14CC-488E-939B-7E83E2437B26}.Debug|Any CPU.Build.0 = Debug|Any CPU
		{AD40101B-14CC-488E-939B-7E83E2437B26}.Release|Any CPU.ActiveCfg = Release|Any CPU
		{AD40101B-14CC-488E-939B-7E83E2437B26}.Release|Any CPU.Build.0 = Release|Any CPU
	EndGlobalSection
	GlobalSection(SolutionProperties) = preSolution
		HideSolutionNode = FALSE
	EndGlobalSection
EndGlobal
